
Microsoft Visual Studio Solution File, Format Version 12.00
# Visual Studio 15
Project("{FAE04EC0-301F-11D3-BF4B-00C04F79EFBC}") = "Assembly-CSharp", "Assembly-CSharp.csproj", "{73AE1BC2-E3CE-4F96-984F-D19F13CB20C8}"
EndProject
Project("{FAE04EC0-301F-11D3-BF4B-00C04F79EFBC}") = "Assembly-CSharp-Editor", "Assembly-CSharp-Editor.csproj", "{24B9D30B-1574-8685-4252-20DEA862B389}"
EndProject
Global
	GlobalSection(SolutionConfigurationPlatforms) = preSolution
		Debug|Any CPU = Debug|Any CPU
		Release|Any CPU = Release|Any CPU
	EndGlobalSection
	GlobalSection(ProjectConfigurationPlatforms) = postSolution
		{73AE1BC2-E3CE-4F96-984F-D19F13CB20C8}.Debug|Any CPU.ActiveCfg = Debug|Any CPU
		{73AE1BC2-E3CE-4F96-984F-D19F13CB20C8}.Debug|Any CPU.Build.0 = Debug|Any CPU
		{73AE1BC2-E3CE-4F96-984F-D19F13CB20C8}.Release|Any CPU.ActiveCfg = Release|Any CPU
		{73AE1BC2-E3CE-4F96-984F-D19F13CB20C8}.Release|Any CPU.Build.0 = Release|Any CPU
		{24B9D30B-1574-8685-4252-20DEA862B389}.Debug|Any CPU.ActiveCfg = Debug|Any CPU
		{24B9D30B-1574-8685-4252-20DEA862B389}.Debug|Any CPU.Build.0 = Debug|Any CPU
		{24B9D30B-1574-8685-4252-20DEA862B389}.Release|Any CPU.ActiveCfg = Release|Any CPU
		{24B9D30B-1574-8685-4252-20DEA862B389}.Release|Any CPU.Build.0 = Release|Any CPU
	EndGlobalSection
	GlobalSection(SolutionProperties) = preSolution
		HideSolutionNode = FALSE
	EndGlobalSection
EndGlobal
